
Microsoft Visual Studio Solution File, Format Version 12.00
# Visual Studio Version 16
VisualStudioVersion = 16.0.30320.27
MinimumVisualStudioVersion = 10.0.40219.1
Project("{FAE04EC0-301F-11D3-BF4B-00C04F79EFBC}") = "DependencyInjectionExample", "DependencyInjectionExample\DependencyInjectionExample.csproj", "{860E4BD8-4F4C-41B0-81C3-29322C21F506}"
EndProject
Global
	GlobalSection(SolutionConfigurationPlatforms) = preSolution
		Debug|Any CPU = Debug|Any CPU
		Release|Any CPU = Release|Any CPU
	EndGlobalSection
	GlobalSection(ProjectConfigurationPlatforms) = postSolution
		{860E4BD8-4F4C-41B0-81C3-29322C21F506}.Debug|Any CPU.ActiveCfg = Debug|Any CPU
		{860E4BD8-4F4C-41B0-81C3-29322C21F506}.Debug|Any CPU.Build.0 = Debug|Any CPU
		{860E4BD8-4F4C-41B0-81C3-29322C21F506}.Release|Any CPU.ActiveCfg = Release|Any CPU
		{860E4BD8-4F4C-41B0-81C3-29322C21F506}.Release|Any CPU.Build.0 = Release|Any CPU
	EndGlobalSection
	GlobalSection(SolutionProperties) = preSolution
		HideSolutionNode = FALSE
	EndGlobalSection
	GlobalSection(ExtensibilityGlobals) = postSolution
		SolutionGuid = {DF6909C2-99DA-4880-956C-21B32EB53C5D}
	EndGlobalSection
EndGlobal
